
Microsoft Visual Studio Solution File, Format Version 12.00
# Visual Studio 15
VisualStudioVersion = 15.0.26730.16
MinimumVisualStudioVersion = 10.0.40219.1
Project("{FAE04EC0-301F-11D3-BF4B-00C04F79EFBC}") = "ConcurrencyTestingEFCore", "ConcurrencyTestingEFCore\ConcurrencyTestingEFCore.csproj", "{BED7C569-52F7-4F9F-A8AD-7B5DA94C73A5}"
EndProject
Global
	GlobalSection(SolutionConfigurationPlatforms) = preSolution
		Debug|Any CPU = Debug|Any CPU
		Release|Any CPU = Release|Any CPU
	EndGlobalSection
	GlobalSection(ProjectConfigurationPlatforms) = postSolution
		{BED7C569-52F7-4F9F-A8AD-7B5DA94C73A5}.Debug|Any CPU.ActiveCfg = Debug|Any CPU
		{BED7C569-52F7-4F9F-A8AD-7B5DA94C73A5}.Debug|Any CPU.Build.0 = Debug|Any CPU
		{BED7C569-52F7-4F9F-A8AD-7B5DA94C73A5}.Release|Any CPU.ActiveCfg = Release|Any CPU
		{BED7C569-52F7-4F9F-A8AD-7B5DA94C73A5}.Release|Any CPU.Build.0 = Release|Any CPU
	EndGlobalSection
	GlobalSection(SolutionProperties) = preSolution
		HideSolutionNode = FALSE
	EndGlobalSection
	GlobalSection(ExtensibilityGlobals) = postSolution
		SolutionGuid = {CFA38E52-0936-40CC-BC35-9588F2F1E1BF}
	EndGlobalSection
EndGlobal
