
Microsoft Visual Studio Solution File, Format Version 12.00
# Visual Studio 15
VisualStudioVersion = 15.0.28010.2003
MinimumVisualStudioVersion = 10.0.40219.1
Project("{FAE04EC0-301F-11D3-BF4B-00C04F79EFBC}") = "partioning", "partioning\partioning.csproj", "{FD8FE670-D024-49B9-9193-82ABC438B46F}"
EndProject
Global
	GlobalSection(SolutionConfigurationPlatforms) = preSolution
		Debug|Any CPU = Debug|Any CPU
		Release|Any CPU = Release|Any CPU
	EndGlobalSection
	GlobalSection(ProjectConfigurationPlatforms) = postSolution
		{FD8FE670-D024-49B9-9193-82ABC438B46F}.Debug|Any CPU.ActiveCfg = Debug|Any CPU
		{FD8FE670-D024-49B9-9193-82ABC438B46F}.Debug|Any CPU.Build.0 = Debug|Any CPU
		{FD8FE670-D024-49B9-9193-82ABC438B46F}.Release|Any CPU.ActiveCfg = Release|Any CPU
		{FD8FE670-D024-49B9-9193-82ABC438B46F}.Release|Any CPU.Build.0 = Release|Any CPU
	EndGlobalSection
	GlobalSection(SolutionProperties) = preSolution
		HideSolutionNode = FALSE
	EndGlobalSection
	GlobalSection(ExtensibilityGlobals) = postSolution
		SolutionGuid = {F484AD97-60B1-44D3-94C1-EA9CBC48CEFA}
	EndGlobalSection
EndGlobal
